
Microsoft Visual Studio Solution File, Format Version 12.00
# Visual Studio Version 17
VisualStudioVersion = 17.1.32414.318
MinimumVisualStudioVersion = 10.0.40219.1
Project("{FAE04EC0-301F-11D3-BF4B-00C04F79EFBC}") = "tetris", "tetris\tetris.csproj", "{CE8F9686-C84F-49B8-AC18-671A3F57B778}"
EndProject
Global
	GlobalSection(SolutionConfigurationPlatforms) = preSolution
		Debug|Any CPU = Debug|Any CPU
		Release|Any CPU = Release|Any CPU
	EndGlobalSection
	GlobalSection(ProjectConfigurationPlatforms) = postSolution
		{CE8F9686-C84F-49B8-AC18-671A3F57B778}.Debug|Any CPU.ActiveCfg = Debug|Any CPU
		{CE8F9686-C84F-49B8-AC18-671A3F57B778}.Debug|Any CPU.Build.0 = Debug|Any CPU
		{CE8F9686-C84F-49B8-AC18-671A3F57B778}.Release|Any CPU.ActiveCfg = Release|Any CPU
		{CE8F9686-C84F-49B8-AC18-671A3F57B778}.Release|Any CPU.Build.0 = Release|Any CPU
	EndGlobalSection
	GlobalSection(SolutionProperties) = preSolution
		HideSolutionNode = FALSE
	EndGlobalSection
	GlobalSection(ExtensibilityGlobals) = postSolution
		SolutionGuid = {5712EDD0-5F72-437A-99B6-F6666A2AB4C8}
	EndGlobalSection
EndGlobal
